
Microsoft Visual Studio Solution File, Format Version 12.00
# Visual Studio Version 17
VisualStudioVersion = 17.5.33516.290
MinimumVisualStudioVersion = 10.0.40219.1
Project("{F2A71F9B-5D33-465A-A702-920D77279786}") = "my FirstWebApplication", "my FirstWebApplication\my FirstWebApplication.fsproj", "{812777F7-A8D4-41E3-9C0C-416ACC5E2FCC}"
EndProject
Global
	GlobalSection(SolutionConfigurationPlatforms) = preSolution
		Debug|Any CPU = Debug|Any CPU
		Release|Any CPU = Release|Any CPU
	EndGlobalSection
	GlobalSection(ProjectConfigurationPlatforms) = postSolution
		{812777F7-A8D4-41E3-9C0C-416ACC5E2FCC}.Debug|Any CPU.ActiveCfg = Debug|Any CPU
		{812777F7-A8D4-41E3-9C0C-416ACC5E2FCC}.Debug|Any CPU.Build.0 = Debug|Any CPU
		{812777F7-A8D4-41E3-9C0C-416ACC5E2FCC}.Release|Any CPU.ActiveCfg = Release|Any CPU
		{812777F7-A8D4-41E3-9C0C-416ACC5E2FCC}.Release|Any CPU.Build.0 = Release|Any CPU
	EndGlobalSection
	GlobalSection(SolutionProperties) = preSolution
		HideSolutionNode = FALSE
	EndGlobalSection
	GlobalSection(ExtensibilityGlobals) = postSolution
		SolutionGuid = {7622F8F0-AF7C-42F5-BC1B-436F55F2DCEB}
	EndGlobalSection
EndGlobal
